
Microsoft Visual Studio Solution File, Format Version 12.00
# Visual Studio 15
VisualStudioVersion = 15.0.26124.0
MinimumVisualStudioVersion = 15.0.26124.0
Project("{FAE04EC0-301F-11D3-BF4B-00C04F79EFBC}") = "Application", "Application\Application.csproj", "{0A30B723-2915-4CAE-ABCA-2C528BAB8A17}"
EndProject
Project("{FAE04EC0-301F-11D3-BF4B-00C04F79EFBC}") = "Web", "Web\Web.csproj", "{E114D368-47DE-4918-9E5C-A88518A8E8C0}"
EndProject
Project("{2150E333-8FDC-42A3-9474-1A3956D46DE8}") = "Domain", "Domain", "{9E62B7CB-7956-4E6D-994B-0F92B292948A}"
EndProject
Project("{FAE04EC0-301F-11D3-BF4B-00C04F79EFBC}") = "Domain.Commands", "Domain\Domain.Commands\Domain.Commands.csproj", "{136C0260-0B88-4541-BE94-FCD7E6A83EAB}"
EndProject
Project("{2150E333-8FDC-42A3-9474-1A3956D46DE8}") = "Infra", "Infra", "{CAC272C4-A825-444F-9A48-A2BACC3AC85A}"
EndProject
Project("{FAE04EC0-301F-11D3-BF4B-00C04F79EFBC}") = "Infra.Data", "Infra\Infra.Data\Infra.Data.csproj", "{7612CF11-9FE2-4821-9F20-DD66F6961CFE}"
EndProject
Project("{FAE04EC0-301F-11D3-BF4B-00C04F79EFBC}") = "Infra.CrossCutting.Bus", "Infra\Infra.CrossCutting.Bus\Infra.CrossCutting.Bus.csproj", "{06CAE519-9E10-4191-82B7-9E5664BAD314}"
EndProject
Project("{FAE04EC0-301F-11D3-BF4B-00C04F79EFBC}") = "Domain.Core", "Domain\Domain.Core\Domain.Core.csproj", "{5DCE6973-49CA-4A61-8DBD-34C5D9EA4775}"
EndProject
Project("{FAE04EC0-301F-11D3-BF4B-00C04F79EFBC}") = "Infra.CrossCutting.Identity", "Infra\Infra.CrossCutting.Identity\Infra.CrossCutting.Identity.csproj", "{7248D2A3-4E33-4564-A73E-350210191C0B}"
EndProject
Project("{FAE04EC0-301F-11D3-BF4B-00C04F79EFBC}") = "Infra.CrossCutting.IoC", "Infra\Infra.CrossCutting.IoC\Infra.CrossCutting.IoC.csproj", "{054B0D6E-1A46-4147-8AE7-D65F2A867AC0}"
EndProject
Global
	GlobalSection(SolutionConfigurationPlatforms) = preSolution
		Debug|Any CPU = Debug|Any CPU
		Debug|x64 = Debug|x64
		Debug|x86 = Debug|x86
		Release|Any CPU = Release|Any CPU
		Release|x64 = Release|x64
		Release|x86 = Release|x86
	EndGlobalSection
	GlobalSection(SolutionProperties) = preSolution
		HideSolutionNode = FALSE
	EndGlobalSection
	GlobalSection(ProjectConfigurationPlatforms) = postSolution
		{0A30B723-2915-4CAE-ABCA-2C528BAB8A17}.Debug|Any CPU.ActiveCfg = Debug|Any CPU
		{0A30B723-2915-4CAE-ABCA-2C528BAB8A17}.Debug|Any CPU.Build.0 = Debug|Any CPU
		{0A30B723-2915-4CAE-ABCA-2C528BAB8A17}.Debug|x64.ActiveCfg = Debug|Any CPU
		{0A30B723-2915-4CAE-ABCA-2C528BAB8A17}.Debug|x64.Build.0 = Debug|Any CPU
		{0A30B723-2915-4CAE-ABCA-2C528BAB8A17}.Debug|x86.ActiveCfg = Debug|Any CPU
		{0A30B723-2915-4CAE-ABCA-2C528BAB8A17}.Debug|x86.Build.0 = Debug|Any CPU
		{0A30B723-2915-4CAE-ABCA-2C528BAB8A17}.Release|Any CPU.ActiveCfg = Release|Any CPU
		{0A30B723-2915-4CAE-ABCA-2C528BAB8A17}.Release|Any CPU.Build.0 = Release|Any CPU
		{0A30B723-2915-4CAE-ABCA-2C528BAB8A17}.Release|x64.ActiveCfg = Release|Any CPU
		{0A30B723-2915-4CAE-ABCA-2C528BAB8A17}.Release|x64.Build.0 = Release|Any CPU
		{0A30B723-2915-4CAE-ABCA-2C528BAB8A17}.Release|x86.ActiveCfg = Release|Any CPU
		{0A30B723-2915-4CAE-ABCA-2C528BAB8A17}.Release|x86.Build.0 = Release|Any CPU
		{E114D368-47DE-4918-9E5C-A88518A8E8C0}.Debug|Any CPU.ActiveCfg = Debug|Any CPU
		{E114D368-47DE-4918-9E5C-A88518A8E8C0}.Debug|Any CPU.Build.0 = Debug|Any CPU
		{E114D368-47DE-4918-9E5C-A88518A8E8C0}.Debug|x64.ActiveCfg = Debug|Any CPU
		{E114D368-47DE-4918-9E5C-A88518A8E8C0}.Debug|x64.Build.0 = Debug|Any CPU
		{E114D368-47DE-4918-9E5C-A88518A8E8C0}.Debug|x86.ActiveCfg = Debug|Any CPU
		{E114D368-47DE-4918-9E5C-A88518A8E8C0}.Debug|x86.Build.0 = Debug|Any CPU
		{E114D368-47DE-4918-9E5C-A88518A8E8C0}.Release|Any CPU.ActiveCfg = Release|Any CPU
		{E114D368-47DE-4918-9E5C-A88518A8E8C0}.Release|Any CPU.Build.0 = Release|Any CPU
		{E114D368-47DE-4918-9E5C-A88518A8E8C0}.Release|x64.ActiveCfg = Release|Any CPU
		{E114D368-47DE-4918-9E5C-A88518A8E8C0}.Release|x64.Build.0 = Release|Any CPU
		{E114D368-47DE-4918-9E5C-A88518A8E8C0}.Release|x86.ActiveCfg = Release|Any CPU
		{E114D368-47DE-4918-9E5C-A88518A8E8C0}.Release|x86.Build.0 = Release|Any CPU
		{136C0260-0B88-4541-BE94-FCD7E6A83EAB}.Debug|Any CPU.ActiveCfg = Debug|Any CPU
		{136C0260-0B88-4541-BE94-FCD7E6A83EAB}.Debug|Any CPU.Build.0 = Debug|Any CPU
		{136C0260-0B88-4541-BE94-FCD7E6A83EAB}.Debug|x64.ActiveCfg = Debug|Any CPU
		{136C0260-0B88-4541-BE94-FCD7E6A83EAB}.Debug|x64.Build.0 = Debug|Any CPU
		{136C0260-0B88-4541-BE94-FCD7E6A83EAB}.Debug|x86.ActiveCfg = Debug|Any CPU
		{136C0260-0B88-4541-BE94-FCD7E6A83EAB}.Debug|x86.Build.0 = Debug|Any CPU
		{136C0260-0B88-4541-BE94-FCD7E6A83EAB}.Release|Any CPU.ActiveCfg = Release|Any CPU
		{136C0260-0B88-4541-BE94-FCD7E6A83EAB}.Release|Any CPU.Build.0 = Release|Any CPU
		{136C0260-0B88-4541-BE94-FCD7E6A83EAB}.Release|x64.ActiveCfg = Release|Any CPU
		{136C0260-0B88-4541-BE94-FCD7E6A83EAB}.Release|x64.Build.0 = Release|Any CPU
		{136C0260-0B88-4541-BE94-FCD7E6A83EAB}.Release|x86.ActiveCfg = Release|Any CPU
		{136C0260-0B88-4541-BE94-FCD7E6A83EAB}.Release|x86.Build.0 = Release|Any CPU
		{7612CF11-9FE2-4821-9F20-DD66F6961CFE}.Debug|Any CPU.ActiveCfg = Debug|Any CPU
		{7612CF11-9FE2-4821-9F20-DD66F6961CFE}.Debug|Any CPU.Build.0 = Debug|Any CPU
		{7612CF11-9FE2-4821-9F20-DD66F6961CFE}.Debug|x64.ActiveCfg = Debug|Any CPU
		{7612CF11-9FE2-4821-9F20-DD66F6961CFE}.Debug|x64.Build.0 = Debug|Any CPU
		{7612CF11-9FE2-4821-9F20-DD66F6961CFE}.Debug|x86.ActiveCfg = Debug|Any CPU
		{7612CF11-9FE2-4821-9F20-DD66F6961CFE}.Debug|x86.Build.0 = Debug|Any CPU
		{7612CF11-9FE2-4821-9F20-DD66F6961CFE}.Release|Any CPU.ActiveCfg = Release|Any CPU
		{7612CF11-9FE2-4821-9F20-DD66F6961CFE}.Release|Any CPU.Build.0 = Release|Any CPU
		{7612CF11-9FE2-4821-9F20-DD66F6961CFE}.Release|x64.ActiveCfg = Release|Any CPU
		{7612CF11-9FE2-4821-9F20-DD66F6961CFE}.Release|x64.Build.0 = Release|Any CPU
		{7612CF11-9FE2-4821-9F20-DD66F6961CFE}.Release|x86.ActiveCfg = Release|Any CPU
		{7612CF11-9FE2-4821-9F20-DD66F6961CFE}.Release|x86.Build.0 = Release|Any CPU
		{06CAE519-9E10-4191-82B7-9E5664BAD314}.Debug|Any CPU.ActiveCfg = Debug|Any CPU
		{06CAE519-9E10-4191-82B7-9E5664BAD314}.Debug|Any CPU.Build.0 = Debug|Any CPU
		{06CAE519-9E10-4191-82B7-9E5664BAD314}.Debug|x64.ActiveCfg = Debug|Any CPU
		{06CAE519-9E10-4191-82B7-9E5664BAD314}.Debug|x64.Build.0 = Debug|Any CPU
		{06CAE519-9E10-4191-82B7-9E5664BAD314}.Debug|x86.ActiveCfg = Debug|Any CPU
		{06CAE519-9E10-4191-82B7-9E5664BAD314}.Debug|x86.Build.0 = Debug|Any CPU
		{06CAE519-9E10-4191-82B7-9E5664BAD314}.Release|Any CPU.ActiveCfg = Release|Any CPU
		{06CAE519-9E10-4191-82B7-9E5664BAD314}.Release|Any CPU.Build.0 = Release|Any CPU
		{06CAE519-9E10-4191-82B7-9E5664BAD314}.Release|x64.ActiveCfg = Release|Any CPU
		{06CAE519-9E10-4191-82B7-9E5664BAD314}.Release|x64.Build.0 = Release|Any CPU
		{06CAE519-9E10-4191-82B7-9E5664BAD314}.Release|x86.ActiveCfg = Release|Any CPU
		{06CAE519-9E10-4191-82B7-9E5664BAD314}.Release|x86.Build.0 = Release|Any CPU
		{5DCE6973-49CA-4A61-8DBD-34C5D9EA4775}.Debug|Any CPU.ActiveCfg = Debug|Any CPU
		{5DCE6973-49CA-4A61-8DBD-34C5D9EA4775}.Debug|Any CPU.Build.0 = Debug|Any CPU
		{5DCE6973-49CA-4A61-8DBD-34C5D9EA4775}.Debug|x64.ActiveCfg = Debug|Any CPU
		{5DCE6973-49CA-4A61-8DBD-34C5D9EA4775}.Debug|x64.Build.0 = Debug|Any CPU
		{5DCE6973-49CA-4A61-8DBD-34C5D9EA4775}.Debug|x86.ActiveCfg = Debug|Any CPU
		{5DCE6973-49CA-4A61-8DBD-34C5D9EA4775}.Debug|x86.Build.0 = Debug|Any CPU
		{5DCE6973-49CA-4A61-8DBD-34C5D9EA4775}.Release|Any CPU.ActiveCfg = Release|Any CPU
		{5DCE6973-49CA-4A61-8DBD-34C5D9EA4775}.Release|Any CPU.Build.0 = Release|Any CPU
		{5DCE6973-49CA-4A61-8DBD-34C5D9EA4775}.Release|x64.ActiveCfg = Release|Any CPU
		{5DCE6973-49CA-4A61-8DBD-34C5D9EA4775}.Release|x64.Build.0 = Release|Any CPU
		{5DCE6973-49CA-4A61-8DBD-34C5D9EA4775}.Release|x86.ActiveCfg = Release|Any CPU
		{5DCE6973-49CA-4A61-8DBD-34C5D9EA4775}.Release|x86.Build.0 = Release|Any CPU
		{7248D2A3-4E33-4564-A73E-350210191C0B}.Debug|Any CPU.ActiveCfg = Debug|Any CPU
		{7248D2A3-4E33-4564-A73E-350210191C0B}.Debug|Any CPU.Build.0 = Debug|Any CPU
		{7248D2A3-4E33-4564-A73E-350210191C0B}.Debug|x64.ActiveCfg = Debug|Any CPU
		{7248D2A3-4E33-4564-A73E-350210191C0B}.Debug|x64.Build.0 = Debug|Any CPU
		{7248D2A3-4E33-4564-A73E-350210191C0B}.Debug|x86.ActiveCfg = Debug|Any CPU
		{7248D2A3-4E33-4564-A73E-350210191C0B}.Debug|x86.Build.0 = Debug|Any CPU
		{7248D2A3-4E33-4564-A73E-350210191C0B}.Release|Any CPU.ActiveCfg = Release|Any CPU
		{7248D2A3-4E33-4564-A73E-350210191C0B}.Release|Any CPU.Build.0 = Release|Any CPU
		{7248D2A3-4E33-4564-A73E-350210191C0B}.Release|x64.ActiveCfg = Release|Any CPU
		{7248D2A3-4E33-4564-A73E-350210191C0B}.Release|x64.Build.0 = Release|Any CPU
		{7248D2A3-4E33-4564-A73E-350210191C0B}.Release|x86.ActiveCfg = Release|Any CPU
		{7248D2A3-4E33-4564-A73E-350210191C0B}.Release|x86.Build.0 = Release|Any CPU
		{054B0D6E-1A46-4147-8AE7-D65F2A867AC0}.Debug|Any CPU.ActiveCfg = Debug|Any CPU
		{054B0D6E-1A46-4147-8AE7-D65F2A867AC0}.Debug|Any CPU.Build.0 = Debug|Any CPU
		{054B0D6E-1A46-4147-8AE7-D65F2A867AC0}.Debug|x64.ActiveCfg = Debug|Any CPU
		{054B0D6E-1A46-4147-8AE7-D65F2A867AC0}.Debug|x64.Build.0 = Debug|Any CPU
		{054B0D6E-1A46-4147-8AE7-D65F2A867AC0}.Debug|x86.ActiveCfg = Debug|Any CPU
		{054B0D6E-1A46-4147-8AE7-D65F2A867AC0}.Debug|x86.Build.0 = Debug|Any CPU
		{054B0D6E-1A46-4147-8AE7-D65F2A867AC0}.Release|Any CPU.ActiveCfg = Release|Any CPU
		{054B0D6E-1A46-4147-8AE7-D65F2A867AC0}.Release|Any CPU.Build.0 = Release|Any CPU
		{054B0D6E-1A46-4147-8AE7-D65F2A867AC0}.Release|x64.ActiveCfg = Release|Any CPU
		{054B0D6E-1A46-4147-8AE7-D65F2A867AC0}.Release|x64.Build.0 = Release|Any CPU
		{054B0D6E-1A46-4147-8AE7-D65F2A867AC0}.Release|x86.ActiveCfg = Release|Any CPU
		{054B0D6E-1A46-4147-8AE7-D65F2A867AC0}.Release|x86.Build.0 = Release|Any CPU
	EndGlobalSection
	GlobalSection(NestedProjects) = preSolution
		{136C0260-0B88-4541-BE94-FCD7E6A83EAB} = {9E62B7CB-7956-4E6D-994B-0F92B292948A}
		{7612CF11-9FE2-4821-9F20-DD66F6961CFE} = {CAC272C4-A825-444F-9A48-A2BACC3AC85A}
		{06CAE519-9E10-4191-82B7-9E5664BAD314} = {CAC272C4-A825-444F-9A48-A2BACC3AC85A}
		{5DCE6973-49CA-4A61-8DBD-34C5D9EA4775} = {9E62B7CB-7956-4E6D-994B-0F92B292948A}
		{7248D2A3-4E33-4564-A73E-350210191C0B} = {CAC272C4-A825-444F-9A48-A2BACC3AC85A}
		{054B0D6E-1A46-4147-8AE7-D65F2A867AC0} = {CAC272C4-A825-444F-9A48-A2BACC3AC85A}
	EndGlobalSection
EndGlobal
